
Microsoft Visual Studio Solution File, Format Version 12.00
# Visual Studio Version 17
VisualStudioVersion = 17.1.32328.378
MinimumVisualStudioVersion = 10.0.40219.1
Project("{FAE04EC0-301F-11D3-BF4B-00C04F79EFBC}") = "Phidget.SensorHandling", "Phidget.SensorHandling\Phidget.SensorHandling.csproj", "{B70E30AB-0873-4BE8-A5D0-3670AC8F5F02}"
EndProject
Project("{FAE04EC0-301F-11D3-BF4B-00C04F79EFBC}") = "PillSupervisor.Sensors.PlayGround", "PillSupervisor.Sensors.PlayGround\PillSupervisor.Sensors.PlayGround.csproj", "{0C0663A5-FADC-45C0-82B8-04E407796E9D}"
EndProject
Project("{FAE04EC0-301F-11D3-BF4B-00C04F79EFBC}") = "PillSupervisor.Business", "PillSupervisor.Business\PillSupervisor.Business.csproj", "{85E670BE-90A9-44A8-83F8-2C4AFBBCC8F2}"
EndProject
Global
	GlobalSection(SolutionConfigurationPlatforms) = preSolution
		Debug|Any CPU = Debug|Any CPU
		Release|Any CPU = Release|Any CPU
	EndGlobalSection
	GlobalSection(ProjectConfigurationPlatforms) = postSolution
		{B70E30AB-0873-4BE8-A5D0-3670AC8F5F02}.Debug|Any CPU.ActiveCfg = Debug|Any CPU
		{B70E30AB-0873-4BE8-A5D0-3670AC8F5F02}.Debug|Any CPU.Build.0 = Debug|Any CPU
		{B70E30AB-0873-4BE8-A5D0-3670AC8F5F02}.Release|Any CPU.ActiveCfg = Release|Any CPU
		{B70E30AB-0873-4BE8-A5D0-3670AC8F5F02}.Release|Any CPU.Build.0 = Release|Any CPU
		{0C0663A5-FADC-45C0-82B8-04E407796E9D}.Debug|Any CPU.ActiveCfg = Debug|Any CPU
		{0C0663A5-FADC-45C0-82B8-04E407796E9D}.Debug|Any CPU.Build.0 = Debug|Any CPU
		{0C0663A5-FADC-45C0-82B8-04E407796E9D}.Release|Any CPU.ActiveCfg = Release|Any CPU
		{0C0663A5-FADC-45C0-82B8-04E407796E9D}.Release|Any CPU.Build.0 = Release|Any CPU
		{85E670BE-90A9-44A8-83F8-2C4AFBBCC8F2}.Debug|Any CPU.ActiveCfg = Debug|Any CPU
		{85E670BE-90A9-44A8-83F8-2C4AFBBCC8F2}.Debug|Any CPU.Build.0 = Debug|Any CPU
		{85E670BE-90A9-44A8-83F8-2C4AFBBCC8F2}.Release|Any CPU.ActiveCfg = Release|Any CPU
		{85E670BE-90A9-44A8-83F8-2C4AFBBCC8F2}.Release|Any CPU.Build.0 = Release|Any CPU
	EndGlobalSection
	GlobalSection(SolutionProperties) = preSolution
		HideSolutionNode = FALSE
	EndGlobalSection
	GlobalSection(ExtensibilityGlobals) = postSolution
		SolutionGuid = {DDD961AA-182B-4BEA-9B2C-FD954ED833B6}
	EndGlobalSection
EndGlobal
